
Microsoft Visual Studio Solution File, Format Version 12.00
# Visual Studio Version 17
VisualStudioVersion = 17.0.32126.317
MinimumVisualStudioVersion = 10.0.40219.1
Project("{9A19103F-16F7-4668-BE54-9A1E7A4F7556}") = "DeFi_Strategies", "DeFiStrategies\DeFi_Strategies.csproj", "{935FEC4D-C43D-46A7-93AC-67DCB766508B}"
EndProject
Global
	GlobalSection(SolutionConfigurationPlatforms) = preSolution
		Debug|Any CPU = Debug|Any CPU
		Release|Any CPU = Release|Any CPU
	EndGlobalSection
	GlobalSection(ProjectConfigurationPlatforms) = postSolution
		{935FEC4D-C43D-46A7-93AC-67DCB766508B}.Debug|Any CPU.ActiveCfg = Debug|Any CPU
		{935FEC4D-C43D-46A7-93AC-67DCB766508B}.Debug|Any CPU.Build.0 = Debug|Any CPU
		{935FEC4D-C43D-46A7-93AC-67DCB766508B}.Release|Any CPU.ActiveCfg = Release|Any CPU
		{935FEC4D-C43D-46A7-93AC-67DCB766508B}.Release|Any CPU.Build.0 = Release|Any CPU
	EndGlobalSection
	GlobalSection(SolutionProperties) = preSolution
		HideSolutionNode = FALSE
	EndGlobalSection
	GlobalSection(ExtensibilityGlobals) = postSolution
		SolutionGuid = {79D0AE17-CF52-4423-B532-177001648336}
	EndGlobalSection
EndGlobal
